
Microsoft Visual Studio Solution File, Format Version 12.00
# Visual Studio Version 16
VisualStudioVersion = 16.0.29424.173
MinimumVisualStudioVersion = 10.0.40219.1
Project("{FAE04EC0-301F-11D3-BF4B-00C04F79EFBC}") = "runner1", "runner1.csproj", "{A1DD9B95-EB0F-4062-82A6-31955017A458}"
EndProject
Global
	GlobalSection(SolutionConfigurationPlatforms) = preSolution
		Debug|Any CPU = Debug|Any CPU
		Release|Any CPU = Release|Any CPU
	EndGlobalSection
	GlobalSection(ProjectConfigurationPlatforms) = postSolution
		{A1DD9B95-EB0F-4062-82A6-31955017A458}.Debug|Any CPU.ActiveCfg = Debug|Any CPU
		{A1DD9B95-EB0F-4062-82A6-31955017A458}.Debug|Any CPU.Build.0 = Debug|Any CPU
		{A1DD9B95-EB0F-4062-82A6-31955017A458}.Release|Any CPU.ActiveCfg = Release|Any CPU
		{A1DD9B95-EB0F-4062-82A6-31955017A458}.Release|Any CPU.Build.0 = Release|Any CPU
	EndGlobalSection
	GlobalSection(SolutionProperties) = preSolution
		HideSolutionNode = FALSE
	EndGlobalSection
	GlobalSection(ExtensibilityGlobals) = postSolution
		SolutionGuid = {7531F2C6-D5B0-462D-BDD4-435AAB74B508}
	EndGlobalSection
EndGlobal
